{
  "nodes": {
    "beads": {
      "inputs": {
        "nixpkgs": "nixpkgs"
      },
      "locked": {
        "lastModified": 1776285726,
        "narHash": "sha256-aRgm2gWO08FZA2HaVxSitmjDk0Fp51oFZ8lmBCKDrzU=",
        "owner": "gastownhall",
        "repo": "beads",
        "rev": "a3f834b31fe9d250f21120f8d4d56e7221bcd8b4",
        "type": "github"
      },
      "original": {
        "owner": "gastownhall",
        "ref": "v1.0.2",
        "repo": "beads",
        "type": "github"
      }
    },
    "blueprint": {
      "inputs": {
        "nixpkgs": [
          "nixpkgs"
        ],
        "systems": "systems"
      },
      "locked": {
        "lastModified": 1776249299,
        "narHash": "sha256-Dt9t1TGRmJFc0xVYhttNBD6QsAgHOHCArqGa0AyjrJY=",
        "owner": "numtide",
        "repo": "blueprint",
        "rev": "56131e8628f173d24a27f6d27c0215eff57e40dd",
        "type": "github"
      },
      "original": {
        "owner": "numtide",
        "repo": "blueprint",
        "type": "github"
      }
    },
    "crane": {
      "locked": {
        "lastModified": 1777242778,
        "narHash": "sha256-VWTeqWeb8Sel/QiWyaPvCa9luAbcGawR+Rw09FJoHz0=",
        "owner": "ipetkov",
        "repo": "crane",
        "rev": "ad8b31ad0ba8448bd958d7a5d50d811dc5d271c0",
        "type": "github"
      },
      "original": {
        "owner": "ipetkov",
        "repo": "crane",
        "type": "github"
      }
    },
    "criome": {
      "inputs": {
        "crane": [
          "crane"
        ],
        "fenix": [
          "fenix"
        ],
        "flake-utils": "flake-utils",
        "nixpkgs": [
          "nixpkgs"
        ]
      },
      "locked": {
        "lastModified": 1777372807,
        "narHash": "sha256-M6Kf5GdFDhb12Ly/mhdBA6aSK/rmBl79W00NgT38aCU=",
        "owner": "LiGoldragon",
        "repo": "criome",
        "rev": "8b488f45af1d125b7148cb799fb49e4dc023a78c",
        "type": "github"
      },
      "original": {
        "owner": "LiGoldragon",
        "repo": "criome",
        "type": "github"
      }
    },
    "fenix": {
      "inputs": {
        "nixpkgs": [
          "nixpkgs"
        ],
        "rust-analyzer-src": "rust-analyzer-src"
      },
      "locked": {
        "lastModified": 1777279247,
        "narHash": "sha256-xuY2eN11OcD7QOgM2IadfWDR8XIzMbYfbn6gMtF1deE=",
        "owner": "nix-community",
        "repo": "fenix",
        "rev": "6f6f1110eaeafbc9aea16d477c311491d0289977",
        "type": "github"
      },
      "original": {
        "owner": "nix-community",
        "repo": "fenix",
        "type": "github"
      }
    },
    "flake-utils": {
      "inputs": {
        "systems": "systems_2"
      },
      "locked": {
        "lastModified": 1731533236,
        "narHash": "sha256-l0KFg5HjrsfsO/JpG+r7fRrqm12kzFHyUHqHCVpMMbI=",
        "owner": "numtide",
        "repo": "flake-utils",
        "rev": "11707dc2f618dd54ca8739b309ec4fc024de578b",
        "type": "github"
      },
      "original": {
        "owner": "numtide",
        "repo": "flake-utils",
        "type": "github"
      }
    },
    "flake-utils_2": {
      "inputs": {
        "systems": "systems_3"
      },
      "locked": {
        "lastModified": 1731533236,
        "narHash": "sha256-l0KFg5HjrsfsO/JpG+r7fRrqm12kzFHyUHqHCVpMMbI=",
        "owner": "numtide",
        "repo": "flake-utils",
        "rev": "11707dc2f618dd54ca8739b309ec4fc024de578b",
        "type": "github"
      },
      "original": {
        "owner": "numtide",
        "repo": "flake-utils",
        "type": "github"
      }
    },
    "flake-utils_3": {
      "inputs": {
        "systems": "systems_4"
      },
      "locked": {
        "lastModified": 1731533236,
        "narHash": "sha256-l0KFg5HjrsfsO/JpG+r7fRrqm12kzFHyUHqHCVpMMbI=",
        "owner": "numtide",
        "repo": "flake-utils",
        "rev": "11707dc2f618dd54ca8739b309ec4fc024de578b",
        "type": "github"
      },
      "original": {
        "owner": "numtide",
        "repo": "flake-utils",
        "type": "github"
      }
    },
    "flake-utils_4": {
      "inputs": {
        "systems": "systems_5"
      },
      "locked": {
        "lastModified": 1731533236,
        "narHash": "sha256-l0KFg5HjrsfsO/JpG+r7fRrqm12kzFHyUHqHCVpMMbI=",
        "owner": "numtide",
        "repo": "flake-utils",
        "rev": "11707dc2f618dd54ca8739b309ec4fc024de578b",
        "type": "github"
      },
      "original": {
        "owner": "numtide",
        "repo": "flake-utils",
        "type": "github"
      }
    },
    "flake-utils_5": {
      "inputs": {
        "systems": "systems_6"
      },
      "locked": {
        "lastModified": 1731533236,
        "narHash": "sha256-l0KFg5HjrsfsO/JpG+r7fRrqm12kzFHyUHqHCVpMMbI=",
        "owner": "numtide",
        "repo": "flake-utils",
        "rev": "11707dc2f618dd54ca8739b309ec4fc024de578b",
        "type": "github"
      },
      "original": {
        "owner": "numtide",
        "repo": "flake-utils",
        "type": "github"
      }
    },
    "flake-utils_6": {
      "inputs": {
        "systems": "systems_7"
      },
      "locked": {
        "lastModified": 1731533236,
        "narHash": "sha256-l0KFg5HjrsfsO/JpG+r7fRrqm12kzFHyUHqHCVpMMbI=",
        "owner": "numtide",
        "repo": "flake-utils",
        "rev": "11707dc2f618dd54ca8739b309ec4fc024de578b",
        "type": "github"
      },
      "original": {
        "owner": "numtide",
        "repo": "flake-utils",
        "type": "github"
      }
    },
    "flake-utils_7": {
      "inputs": {
        "systems": "systems_8"
      },
      "locked": {
        "lastModified": 1731533236,
        "narHash": "sha256-l0KFg5HjrsfsO/JpG+r7fRrqm12kzFHyUHqHCVpMMbI=",
        "owner": "numtide",
        "repo": "flake-utils",
        "rev": "11707dc2f618dd54ca8739b309ec4fc024de578b",
        "type": "github"
      },
      "original": {
        "owner": "numtide",
        "repo": "flake-utils",
        "type": "github"
      }
    },
    "mentci-tools": {
      "inputs": {
        "beads": "beads",
        "blueprint": [
          "blueprint"
        ],
        "nixpkgs": [
          "nixpkgs"
        ]
      },
      "locked": {
        "lastModified": 1776859036,
        "narHash": "sha256-fMnDDqqb4vnq/zythA8jVqgfav2Ybsl5rXWTdorqkbM=",
        "owner": "LiGoldragon",
        "repo": "mentci-tools",
        "rev": "0623e0d1dda77fbc2c45dd3775dad67f0faa7e07",
        "type": "github"
      },
      "original": {
        "owner": "LiGoldragon",
        "repo": "mentci-tools",
        "type": "github"
      }
    },
    "nexus": {
      "inputs": {
        "crane": [
          "crane"
        ],
        "fenix": [
          "fenix"
        ],
        "flake-utils": "flake-utils_2",
        "nixpkgs": [
          "nixpkgs"
        ]
      },
      "locked": {
        "lastModified": 1777384263,
        "narHash": "sha256-RV8o7CXyjAWDhAEaFFPi8cLUctB03AXE+ZPB4UyzDWE=",
        "owner": "LiGoldragon",
        "repo": "nexus",
        "rev": "c30f303f0b39dbf495a7a5a39b1db144574c25ba",
        "type": "github"
      },
      "original": {
        "owner": "LiGoldragon",
        "repo": "nexus",
        "type": "github"
      }
    },
    "nexus-cli": {
      "inputs": {
        "crane": [
          "crane"
        ],
        "fenix": [
          "fenix"
        ],
        "flake-utils": "flake-utils_3",
        "nixpkgs": [
          "nixpkgs"
        ]
      },
      "locked": {
        "lastModified": 1777307418,
        "narHash": "sha256-LVTLL7xoKVqccOZQZzLBXOjSbwDfSIC5zhQPLkSBopI=",
        "owner": "LiGoldragon",
        "repo": "nexus-cli",
        "rev": "0b8531619fb39dce422924b804a9ab398f8e1f71",
        "type": "github"
      },
      "original": {
        "owner": "LiGoldragon",
        "repo": "nexus-cli",
        "type": "github"
      }
    },
    "nixpkgs": {
      "locked": {
        "lastModified": 1775305101,
        "narHash": "sha256-/74n1oQPtKG52Yw41cbToxspxHbYz6O3vi+XEw16Qe8=",
        "owner": "NixOS",
        "repo": "nixpkgs",
        "rev": "36a601196c4ebf49e035270e10b2d103fe39076b",
        "type": "github"
      },
      "original": {
        "owner": "NixOS",
        "ref": "nixos-25.11",
        "repo": "nixpkgs",
        "type": "github"
      }
    },
    "nixpkgs_2": {
      "locked": {
        "lastModified": 1773821835,
        "narHash": "sha256-TJ3lSQtW0E2JrznGVm8hOQGVpXjJyXY2guAxku2O9A4=",
        "owner": "criome",
        "repo": "nixpkgs",
        "rev": "b40629efe5d6ec48dd1efba650c797ddbd39ace0",
        "type": "github"
      },
      "original": {
        "owner": "NixOS",
        "ref": "nixos-unstable",
        "repo": "nixpkgs",
        "type": "github"
      }
    },
    "nota-codec": {
      "inputs": {
        "crane": [
          "crane"
        ],
        "fenix": [
          "fenix"
        ],
        "flake-utils": "flake-utils_4",
        "nixpkgs": [
          "nixpkgs"
        ]
      },
      "locked": {
        "lastModified": 1777307484,
        "narHash": "sha256-yrn7UcCsR8jCSkrwbuMv8kP0t3sdNNxUVjUa7AQQThc=",
        "owner": "LiGoldragon",
        "repo": "nota-codec",
        "rev": "e17604c07bc49953829206a2f23b69033fcd4b59",
        "type": "github"
      },
      "original": {
        "owner": "LiGoldragon",
        "repo": "nota-codec",
        "type": "github"
      }
    },
    "nota-derive": {
      "inputs": {
        "crane": [
          "crane"
        ],
        "fenix": [
          "fenix"
        ],
        "flake-utils": "flake-utils_5",
        "nixpkgs": [
          "nixpkgs"
        ]
      },
      "locked": {
        "lastModified": 1777307359,
        "narHash": "sha256-qnbUiAWkB+PJqpzIjHH2X8RLbgSNen0/3AZZu04yU8Q=",
        "owner": "LiGoldragon",
        "repo": "nota-derive",
        "rev": "582ef571bcbf42edaeb1387b23aec4a5299471d2",
        "type": "github"
      },
      "original": {
        "owner": "LiGoldragon",
        "repo": "nota-derive",
        "type": "github"
      }
    },
    "root": {
      "inputs": {
        "blueprint": "blueprint",
        "crane": "crane",
        "criome": "criome",
        "fenix": "fenix",
        "mentci-tools": "mentci-tools",
        "nexus": "nexus",
        "nexus-cli": "nexus-cli",
        "nixpkgs": "nixpkgs_2",
        "nota-codec": "nota-codec",
        "nota-derive": "nota-derive",
        "sema": "sema",
        "signal": "signal"
      }
    },
    "rust-analyzer-src": {
      "flake": false,
      "locked": {
        "lastModified": 1776800521,
        "narHash": "sha256-f8YJfwAOsLFpIoqZuX3yF69UvMLrkx7iVzMH1pJU7cM=",
        "owner": "rust-lang",
        "repo": "rust-analyzer",
        "rev": "8954b66d43225e62c92e8bbcc8500191b5cceb1e",
        "type": "github"
      },
      "original": {
        "owner": "rust-lang",
        "ref": "nightly",
        "repo": "rust-analyzer",
        "type": "github"
      }
    },
    "sema": {
      "inputs": {
        "crane": [
          "crane"
        ],
        "fenix": [
          "fenix"
        ],
        "flake-utils": "flake-utils_6",
        "nixpkgs": [
          "nixpkgs"
        ]
      },
      "locked": {
        "lastModified": 1777307271,
        "narHash": "sha256-vZUn0uB/4xYMTK7OjNDNqjPfnJHaVz31hr/PlHUw89M=",
        "owner": "LiGoldragon",
        "repo": "sema",
        "rev": "345c3ca786769cc56bbb0c7cc3ae6d0c7fd35111",
        "type": "github"
      },
      "original": {
        "owner": "LiGoldragon",
        "repo": "sema",
        "type": "github"
      }
    },
    "signal": {
      "inputs": {
        "crane": [
          "crane"
        ],
        "fenix": [
          "fenix"
        ],
        "flake-utils": "flake-utils_7",
        "nixpkgs": [
          "nixpkgs"
        ]
      },
      "locked": {
        "lastModified": 1777307543,
        "narHash": "sha256-mJknSd6Yx8pHB7QLXaFEO1m7kQeWRhVlZdIql+NUA9c=",
        "owner": "LiGoldragon",
        "repo": "signal",
        "rev": "fbfe61eb9d0334aeb0023b3af0361f3bb88b6bf2",
        "type": "github"
      },
      "original": {
        "owner": "LiGoldragon",
        "repo": "signal",
        "type": "github"
      }
    },
    "systems": {
      "locked": {
        "lastModified": 1681028828,
        "narHash": "sha256-Vy1rq5AaRuLzOxct8nz4T6wlgyUR7zLU309k9mBC768=",
        "owner": "nix-systems",
        "repo": "default",
        "rev": "da67096a3b9bf56a91d16901293e51ba5b49a27e",
        "type": "github"
      },
      "original": {
        "owner": "nix-systems",
        "repo": "default",
        "type": "github"
      }
    },
    "systems_2": {
      "locked": {
        "lastModified": 1681028828,
        "narHash": "sha256-Vy1rq5AaRuLzOxct8nz4T6wlgyUR7zLU309k9mBC768=",
        "owner": "nix-systems",
        "repo": "default",
        "rev": "da67096a3b9bf56a91d16901293e51ba5b49a27e",
        "type": "github"
      },
      "original": {
        "owner": "nix-systems",
        "repo": "default",
        "type": "github"
      }
    },
    "systems_3": {
      "locked": {
        "lastModified": 1681028828,
        "narHash": "sha256-Vy1rq5AaRuLzOxct8nz4T6wlgyUR7zLU309k9mBC768=",
        "owner": "nix-systems",
        "repo": "default",
        "rev": "da67096a3b9bf56a91d16901293e51ba5b49a27e",
        "type": "github"
      },
      "original": {
        "owner": "nix-systems",
        "repo": "default",
        "type": "github"
      }
    },
    "systems_4": {
      "locked": {
        "lastModified": 1681028828,
        "narHash": "sha256-Vy1rq5AaRuLzOxct8nz4T6wlgyUR7zLU309k9mBC768=",
        "owner": "nix-systems",
        "repo": "default",
        "rev": "da67096a3b9bf56a91d16901293e51ba5b49a27e",
        "type": "github"
      },
      "original": {
        "owner": "nix-systems",
        "repo": "default",
        "type": "github"
      }
    },
    "systems_5": {
      "locked": {
        "lastModified": 1681028828,
        "narHash": "sha256-Vy1rq5AaRuLzOxct8nz4T6wlgyUR7zLU309k9mBC768=",
        "owner": "nix-systems",
        "repo": "default",
        "rev": "da67096a3b9bf56a91d16901293e51ba5b49a27e",
        "type": "github"
      },
      "original": {
        "owner": "nix-systems",
        "repo": "default",
        "type": "github"
      }
    },
    "systems_6": {
      "locked": {
        "lastModified": 1681028828,
        "narHash": "sha256-Vy1rq5AaRuLzOxct8nz4T6wlgyUR7zLU309k9mBC768=",
        "owner": "nix-systems",
        "repo": "default",
        "rev": "da67096a3b9bf56a91d16901293e51ba5b49a27e",
        "type": "github"
      },
      "original": {
        "owner": "nix-systems",
        "repo": "default",
        "type": "github"
      }
    },
    "systems_7": {
      "locked": {
        "lastModified": 1681028828,
        "narHash": "sha256-Vy1rq5AaRuLzOxct8nz4T6wlgyUR7zLU309k9mBC768=",
        "owner": "nix-systems",
        "repo": "default",
        "rev": "da67096a3b9bf56a91d16901293e51ba5b49a27e",
        "type": "github"
      },
      "original": {
        "owner": "nix-systems",
        "repo": "default",
        "type": "github"
      }
    },
    "systems_8": {
      "locked": {
        "lastModified": 1681028828,
        "narHash": "sha256-Vy1rq5AaRuLzOxct8nz4T6wlgyUR7zLU309k9mBC768=",
        "owner": "nix-systems",
        "repo": "default",
        "rev": "da67096a3b9bf56a91d16901293e51ba5b49a27e",
        "type": "github"
      },
      "original": {
        "owner": "nix-systems",
        "repo": "default",
        "type": "github"
      }
    }
  },
  "root": "root",
  "version": 7
}
